<?xml version="1.0" encoding="utf-8"?>
<Project ToolsVersion="4.0" xmlns="http://schemas.microsoft.com/developer/msbuild/2003">
  <ItemGroup>
    <Filter Include="src">
      <UniqueIdentifier>{b02d5e92-a465-4450-929f-995cd3acf212}</UniqueIdentifier>
    </Filter>
    <Filter Include="src\tools">
      <UniqueIdentifier>{85c11554-288f-4345-a2ee-1e1aca688247}</UniqueIdentifier>
    </Filter>
    <Filter Include="src\scenes">
      <UniqueIdentifier>{597bac12-11ef-4359-86f8-3125e91bf75a}</UniqueIdentifier>
    </Filter>
    <Filter Include="src\objects">
      <UniqueIdentifier>{9e864eb0-6c27-4c8e-bb96-5a8383d30f69}</UniqueIdentifier>
    </Filter>
  </ItemGroup>
  <ItemGroup>
    <ClCompile Include="src\objects\Entity.cpp">
      <Filter>src\objects</Filter>
    </ClCompile>
    <ClCompile Include="src\objects\Player.cpp">
      <Filter>src\objects</Filter>
    </ClCompile>
    <ClCompile Include="src\objects\PowerUp.cpp">
      <Filter>src\objects</Filter>
    </ClCompile>
    <ClCompile Include="src\main.cpp" />
    <ClCompile Include="src\scenes\Credits.cpp">
      <Filter>src\scenes</Filter>
    </ClCompile>
    <ClCompile Include="src\scenes\CurrentScene.cpp">
      <Filter>src\scenes</Filter>
    </ClCompile>
    <ClCompile Include="src\scenes\Game.cpp">
      <Filter>src\scenes</Filter>
    </ClCompile>
    <ClCompile Include="src\scenes\Rules.cpp">
      <Filter>src\scenes</Filter>
    </ClCompile>
    <ClCompile Include="src\scenes\Store.cpp">
      <Filter>src\scenes</Filter>
    </ClCompile>
    <ClCompile Include="src\tools\Tools.cpp">
      <Filter>src\tools</Filter>
    </ClCompile>
    <ClCompile Include="src\scenes\Menu.cpp">
      <Filter>src\scenes</Filter>
    </ClCompile>
    <ClCompile Include="src\scenes\SceneSetter.cpp">
      <Filter>src\scenes</Filter>
    </ClCompile>
    <ClCompile Include="src\scenes\Options.cpp">
      <Filter>src\scenes</Filter>
    </ClCompile>
    <ClCompile Include="src\objects\Paralax.cpp">
      <Filter>src\objects</Filter>
    </ClCompile>
    <ClCompile Include="src\objects\Obstacle.cpp">
      <Filter>src\objects</Filter>
    </ClCompile>
    <ClCompile Include="src\tools\Buttons.cpp">
      <Filter>src\tools</Filter>
    </ClCompile>
    <ClCompile Include="src\tools\Timer.cpp">
      <Filter>src\tools</Filter>
    </ClCompile>
    <ClCompile Include="src\objects\TimerItem.cpp">
      <Filter>src\objects</Filter>
    </ClCompile>
    <ClCompile Include="src\objects\Bullet.cpp">
      <Filter>src\objects</Filter>
    </ClCompile>
    <ClCompile Include="src\tools\Cursor.cpp">
      <Filter>src\tools</Filter>
    </ClCompile>
    <ClCompile Include="src\scenes\SplashScreen.cpp">
      <Filter>src\scenes</Filter>
    </ClCompile>
  </ItemGroup>
  <ItemGroup>
    <ClInclude Include="src\objects\Entity.h">
      <Filter>src\objects</Filter>
    </ClInclude>
    <ClInclude Include="src\objects\Player.h">
      <Filter>src\objects</Filter>
    </ClInclude>
    <ClInclude Include="src\objects\PowerUp.h">
      <Filter>src\objects</Filter>
    </ClInclude>
    <ClInclude Include="src\scenes\Credits.h">
      <Filter>src\scenes</Filter>
    </ClInclude>
    <ClInclude Include="src\scenes\CurrentScene.h">
      <Filter>src\scenes</Filter>
    </ClInclude>
    <ClInclude Include="src\scenes\Game.h">
      <Filter>src\scenes</Filter>
    </ClInclude>
    <ClInclude Include="src\scenes\Rules.h">
      <Filter>src\scenes</Filter>
    </ClInclude>
    <ClInclude Include="src\scenes\Store.h">
      <Filter>src\scenes</Filter>
    </ClInclude>
    <ClInclude Include="src\tools\Tools.h">
      <Filter>src\tools</Filter>
    </ClInclude>
    <ClInclude Include="src\scenes\Menu.h">
      <Filter>src\scenes</Filter>
    </ClInclude>
    <ClInclude Include="src\scenes\SceneSetter.h">
      <Filter>src\scenes</Filter>
    </ClInclude>
    <ClInclude Include="src\scenes\Options.h">
      <Filter>src\scenes</Filter>
    </ClInclude>
    <ClInclude Include="src\objects\Paralax.h">
      <Filter>src\objects</Filter>
    </ClInclude>
    <ClInclude Include="src\objects\Obstacle.h">
      <Filter>src\objects</Filter>
    </ClInclude>
    <ClInclude Include="src\tools\Buttons.h">
      <Filter>src\tools</Filter>
    </ClInclude>
    <ClInclude Include="src\tools\Timer.h">
      <Filter>src\tools</Filter>
    </ClInclude>
    <ClInclude Include="src\objects\TimerItem.h">
      <Filter>src\objects</Filter>
    </ClInclude>
    <ClInclude Include="src\objects\Bullet.h">
      <Filter>src\objects</Filter>
    </ClInclude>
    <ClInclude Include="src\tools\Cursor.h">
      <Filter>src\tools</Filter>
    </ClInclude>
    <ClInclude Include="src\scenes\SplashScreen.h">
      <Filter>src\scenes</Filter>
    </ClInclude>
  </ItemGroup>
</Project>